
Microsoft Visual Studio Solution File, Format Version 12.00
# Visual Studio 15
Project("{FAE04EC0-301F-11D3-BF4B-00C04F79EFBC}") = "Assembly-CSharp", "Assembly-CSharp.csproj", "{08DE33CF-EBF1-15C9-B5B7-EEBB65A854D8}"
EndProject
Project("{FAE04EC0-301F-11D3-BF4B-00C04F79EFBC}") = "Assembly-CSharp-Editor", "Assembly-CSharp-Editor.csproj", "{9A22D294-BF8B-2DD1-A0DE-762A5727568C}"
EndProject
Global
	GlobalSection(SolutionConfigurationPlatforms) = preSolution
		Debug|Any CPU = Debug|Any CPU
		Release|Any CPU = Release|Any CPU
	EndGlobalSection
	GlobalSection(ProjectConfigurationPlatforms) = postSolution
		{08DE33CF-EBF1-15C9-B5B7-EEBB65A854D8}.Debug|Any CPU.ActiveCfg = Debug|Any CPU
		{08DE33CF-EBF1-15C9-B5B7-EEBB65A854D8}.Debug|Any CPU.Build.0 = Debug|Any CPU
		{08DE33CF-EBF1-15C9-B5B7-EEBB65A854D8}.Release|Any CPU.ActiveCfg = Release|Any CPU
		{08DE33CF-EBF1-15C9-B5B7-EEBB65A854D8}.Release|Any CPU.Build.0 = Release|Any CPU
		{9A22D294-BF8B-2DD1-A0DE-762A5727568C}.Debug|Any CPU.ActiveCfg = Debug|Any CPU
		{9A22D294-BF8B-2DD1-A0DE-762A5727568C}.Debug|Any CPU.Build.0 = Debug|Any CPU
		{9A22D294-BF8B-2DD1-A0DE-762A5727568C}.Release|Any CPU.ActiveCfg = Release|Any CPU
		{9A22D294-BF8B-2DD1-A0DE-762A5727568C}.Release|Any CPU.Build.0 = Release|Any CPU
	EndGlobalSection
	GlobalSection(SolutionProperties) = preSolution
		HideSolutionNode = FALSE
	EndGlobalSection
EndGlobal
